
Microsoft Visual Studio Solution File, Format Version 12.00
# Visual Studio Version 16
VisualStudioVersion = 16.0.29209.62
MinimumVisualStudioVersion = 10.0.40219.1
Project("{9A19103F-16F7-4668-BE54-9A1E7A4F7556}") = "Data", "Data\Data.csproj", "{4DEFB36F-C6D9-46EE-B8BB-825C7B789247}"
EndProject
Project("{9A19103F-16F7-4668-BE54-9A1E7A4F7556}") = "Presentation", "Presentation\Presentation.csproj", "{C116B49C-991D-4A5E-9689-CBE4071610C9}"
EndProject
Project("{9A19103F-16F7-4668-BE54-9A1E7A4F7556}") = "Entities", "Entities\Entities.csproj", "{5A6DF367-D5FA-4E97-B616-94380132706B}"
EndProject
Project("{9A19103F-16F7-4668-BE54-9A1E7A4F7556}") = "Services", "Services\Services.csproj", "{630C0327-E8C4-4F92-8BF1-91560A8EF18C}"
EndProject
Project("{9A19103F-16F7-4668-BE54-9A1E7A4F7556}") = "Utilities", "Utilities\Utilities.csproj", "{DDBECD28-2E28-49C2-9776-1D0738FBE8B2}"
EndProject
Global
	GlobalSection(SolutionConfigurationPlatforms) = preSolution
		Debug|Any CPU = Debug|Any CPU
		Release|Any CPU = Release|Any CPU
	EndGlobalSection
	GlobalSection(ProjectConfigurationPlatforms) = postSolution
		{4DEFB36F-C6D9-46EE-B8BB-825C7B789247}.Debug|Any CPU.ActiveCfg = Debug|Any CPU
		{4DEFB36F-C6D9-46EE-B8BB-825C7B789247}.Debug|Any CPU.Build.0 = Debug|Any CPU
		{4DEFB36F-C6D9-46EE-B8BB-825C7B789247}.Release|Any CPU.ActiveCfg = Release|Any CPU
		{4DEFB36F-C6D9-46EE-B8BB-825C7B789247}.Release|Any CPU.Build.0 = Release|Any CPU
		{C116B49C-991D-4A5E-9689-CBE4071610C9}.Debug|Any CPU.ActiveCfg = Debug|Any CPU
		{C116B49C-991D-4A5E-9689-CBE4071610C9}.Debug|Any CPU.Build.0 = Debug|Any CPU
		{C116B49C-991D-4A5E-9689-CBE4071610C9}.Release|Any CPU.ActiveCfg = Release|Any CPU
		{C116B49C-991D-4A5E-9689-CBE4071610C9}.Release|Any CPU.Build.0 = Release|Any CPU
		{5A6DF367-D5FA-4E97-B616-94380132706B}.Debug|Any CPU.ActiveCfg = Debug|Any CPU
		{5A6DF367-D5FA-4E97-B616-94380132706B}.Debug|Any CPU.Build.0 = Debug|Any CPU
		{5A6DF367-D5FA-4E97-B616-94380132706B}.Release|Any CPU.ActiveCfg = Release|Any CPU
		{5A6DF367-D5FA-4E97-B616-94380132706B}.Release|Any CPU.Build.0 = Release|Any CPU
		{630C0327-E8C4-4F92-8BF1-91560A8EF18C}.Debug|Any CPU.ActiveCfg = Debug|Any CPU
		{630C0327-E8C4-4F92-8BF1-91560A8EF18C}.Debug|Any CPU.Build.0 = Debug|Any CPU
		{630C0327-E8C4-4F92-8BF1-91560A8EF18C}.Release|Any CPU.ActiveCfg = Release|Any CPU
		{630C0327-E8C4-4F92-8BF1-91560A8EF18C}.Release|Any CPU.Build.0 = Release|Any CPU
		{DDBECD28-2E28-49C2-9776-1D0738FBE8B2}.Debug|Any CPU.ActiveCfg = Debug|Any CPU
		{DDBECD28-2E28-49C2-9776-1D0738FBE8B2}.Debug|Any CPU.Build.0 = Debug|Any CPU
		{DDBECD28-2E28-49C2-9776-1D0738FBE8B2}.Release|Any CPU.ActiveCfg = Release|Any CPU
		{DDBECD28-2E28-49C2-9776-1D0738FBE8B2}.Release|Any CPU.Build.0 = Release|Any CPU
	EndGlobalSection
	GlobalSection(SolutionProperties) = preSolution
		HideSolutionNode = FALSE
	EndGlobalSection
	GlobalSection(ExtensibilityGlobals) = postSolution
		SolutionGuid = {978F8876-1F62-430E-BAE9-EF8BE4DCAF83}
	EndGlobalSection
EndGlobal
