
Microsoft Visual Studio Solution File, Format Version 12.00
# Visual Studio Version 16
VisualStudioVersion = 16.0.29209.62
MinimumVisualStudioVersion = 10.0.40219.1
Project("{9A19103F-16F7-4668-BE54-9A1E7A4F7556}") = "Inst.API", "Inst.API\Inst.API.csproj", "{F758F499-A886-4E52-95B3-B8793068938E}"
EndProject
Project("{9A19103F-16F7-4668-BE54-9A1E7A4F7556}") = "Inst.Infrastructure", "Inst.Infraestructure\Inst.Infrastructure.csproj", "{0ACD085E-5B7A-4577-98A0-6F0646D7D9CE}"
EndProject
Project("{9A19103F-16F7-4668-BE54-9A1E7A4F7556}") = "Inst.Entities", "Inst.Entities\Inst.Entities.csproj", "{9D2FB7DC-860D-4DA9-992E-90F393C0D639}"
EndProject
Project("{9A19103F-16F7-4668-BE54-9A1E7A4F7556}") = "Inst.Services", "Inst.Services\Inst.Services.csproj", "{8A1217C0-462B-4BD6-8EF0-763E98A74502}"
EndProject
Global
	GlobalSection(SolutionConfigurationPlatforms) = preSolution
		Debug|Any CPU = Debug|Any CPU
		Release|Any CPU = Release|Any CPU
	EndGlobalSection
	GlobalSection(ProjectConfigurationPlatforms) = postSolution
		{F758F499-A886-4E52-95B3-B8793068938E}.Debug|Any CPU.ActiveCfg = Debug|Any CPU
		{F758F499-A886-4E52-95B3-B8793068938E}.Debug|Any CPU.Build.0 = Debug|Any CPU
		{F758F499-A886-4E52-95B3-B8793068938E}.Release|Any CPU.ActiveCfg = Release|Any CPU
		{F758F499-A886-4E52-95B3-B8793068938E}.Release|Any CPU.Build.0 = Release|Any CPU
		{0ACD085E-5B7A-4577-98A0-6F0646D7D9CE}.Debug|Any CPU.ActiveCfg = Debug|Any CPU
		{0ACD085E-5B7A-4577-98A0-6F0646D7D9CE}.Debug|Any CPU.Build.0 = Debug|Any CPU
		{0ACD085E-5B7A-4577-98A0-6F0646D7D9CE}.Release|Any CPU.ActiveCfg = Release|Any CPU
		{0ACD085E-5B7A-4577-98A0-6F0646D7D9CE}.Release|Any CPU.Build.0 = Release|Any CPU
		{9D2FB7DC-860D-4DA9-992E-90F393C0D639}.Debug|Any CPU.ActiveCfg = Debug|Any CPU
		{9D2FB7DC-860D-4DA9-992E-90F393C0D639}.Debug|Any CPU.Build.0 = Debug|Any CPU
		{9D2FB7DC-860D-4DA9-992E-90F393C0D639}.Release|Any CPU.ActiveCfg = Release|Any CPU
		{9D2FB7DC-860D-4DA9-992E-90F393C0D639}.Release|Any CPU.Build.0 = Release|Any CPU
		{8A1217C0-462B-4BD6-8EF0-763E98A74502}.Debug|Any CPU.ActiveCfg = Debug|Any CPU
		{8A1217C0-462B-4BD6-8EF0-763E98A74502}.Debug|Any CPU.Build.0 = Debug|Any CPU
		{8A1217C0-462B-4BD6-8EF0-763E98A74502}.Release|Any CPU.ActiveCfg = Release|Any CPU
		{8A1217C0-462B-4BD6-8EF0-763E98A74502}.Release|Any CPU.Build.0 = Release|Any CPU
	EndGlobalSection
	GlobalSection(SolutionProperties) = preSolution
		HideSolutionNode = FALSE
	EndGlobalSection
	GlobalSection(ExtensibilityGlobals) = postSolution
		SolutionGuid = {978F8876-1F62-430E-BAE9-EF8BE4DCAF83}
	EndGlobalSection
EndGlobal
