
Microsoft Visual Studio Solution File, Format Version 12.00
# Visual Studio Version 16
VisualStudioVersion = 16.0.29209.62
MinimumVisualStudioVersion = 10.0.40219.1
Project("{9A19103F-16F7-4668-BE54-9A1E7A4F7556}") = "Institution.Infrastructure", "Institution.Infraestructure\Institution.Infrastructure.csproj", "{8AC4EDCE-A725-41C3-ADFD-6EA4F52A2CBB}"
EndProject
Project("{9A19103F-16F7-4668-BE54-9A1E7A4F7556}") = "Institution.Domain", "Institution.Domain\Institution.Domain.csproj", "{FCA0AC0F-0F83-4C71-8694-51978BB607FF}"
EndProject
Project("{9A19103F-16F7-4668-BE54-9A1E7A4F7556}") = "Institution.API", "Institution.API\Institution.API.csproj", "{3EDFE311-97CF-4987-B402-09E90CFFD217}"
EndProject
Project("{2150E333-8FDC-42A3-9474-1A3956D46DE8}") = "Solution Items", "Solution Items", "{B5B864EB-FC09-42FA-A887-EBFB648FE388}"
	ProjectSection(SolutionItems) = preProject
		.editorconfig = .editorconfig
		.gitignore = .gitignore
		LICENSE = LICENSE
		README.md = README.md
	EndProjectSection
EndProject
Project("{2150E333-8FDC-42A3-9474-1A3956D46DE8}") = "Application", "Application", "{E458A643-7B53-4B65-A649-67329E7BB877}"
EndProject
Global
	GlobalSection(SolutionConfigurationPlatforms) = preSolution
		Debug|Any CPU = Debug|Any CPU
		Release|Any CPU = Release|Any CPU
	EndGlobalSection
	GlobalSection(ProjectConfigurationPlatforms) = postSolution
		{8AC4EDCE-A725-41C3-ADFD-6EA4F52A2CBB}.Debug|Any CPU.ActiveCfg = Debug|Any CPU
		{8AC4EDCE-A725-41C3-ADFD-6EA4F52A2CBB}.Debug|Any CPU.Build.0 = Debug|Any CPU
		{8AC4EDCE-A725-41C3-ADFD-6EA4F52A2CBB}.Release|Any CPU.ActiveCfg = Release|Any CPU
		{8AC4EDCE-A725-41C3-ADFD-6EA4F52A2CBB}.Release|Any CPU.Build.0 = Release|Any CPU
		{FCA0AC0F-0F83-4C71-8694-51978BB607FF}.Debug|Any CPU.ActiveCfg = Debug|Any CPU
		{FCA0AC0F-0F83-4C71-8694-51978BB607FF}.Debug|Any CPU.Build.0 = Debug|Any CPU
		{FCA0AC0F-0F83-4C71-8694-51978BB607FF}.Release|Any CPU.ActiveCfg = Release|Any CPU
		{FCA0AC0F-0F83-4C71-8694-51978BB607FF}.Release|Any CPU.Build.0 = Release|Any CPU
		{3EDFE311-97CF-4987-B402-09E90CFFD217}.Debug|Any CPU.ActiveCfg = Debug|Any CPU
		{3EDFE311-97CF-4987-B402-09E90CFFD217}.Debug|Any CPU.Build.0 = Debug|Any CPU
		{3EDFE311-97CF-4987-B402-09E90CFFD217}.Release|Any CPU.ActiveCfg = Release|Any CPU
		{3EDFE311-97CF-4987-B402-09E90CFFD217}.Release|Any CPU.Build.0 = Release|Any CPU
	EndGlobalSection
	GlobalSection(SolutionProperties) = preSolution
		HideSolutionNode = FALSE
	EndGlobalSection
	GlobalSection(NestedProjects) = preSolution
		{3EDFE311-97CF-4987-B402-09E90CFFD217} = {E458A643-7B53-4B65-A649-67329E7BB877}
	EndGlobalSection
	GlobalSection(ExtensibilityGlobals) = postSolution
		SolutionGuid = {978F8876-1F62-430E-BAE9-EF8BE4DCAF83}
	EndGlobalSection
EndGlobal
